
Microsoft Visual Studio Solution File, Format Version 12.00
# Visual Studio Version 17
VisualStudioVersion = 17.3.32922.545
MinimumVisualStudioVersion = 10.0.40219.1
Project("{9A19103F-16F7-4668-BE54-9A1E7A4F7556}") = "WebAPIProductCategory", "WebAPIProductCategory\WebAPIProductCategory.csproj", "{ECA618AD-9099-4696-83EC-CFBCF4B7E18D}"
EndProject
Project("{FAE04EC0-301F-11D3-BF4B-00C04F79EFBC}") = "UnitTestProject_Products", "UnitTestProject_Products\UnitTestProject_Products.csproj", "{8D3B747C-8106-4A80-A0A4-05EA4B164A04}"
EndProject
Global
	GlobalSection(SolutionConfigurationPlatforms) = preSolution
		Debug|Any CPU = Debug|Any CPU
		Release|Any CPU = Release|Any CPU
	EndGlobalSection
	GlobalSection(ProjectConfigurationPlatforms) = postSolution
		{ECA618AD-9099-4696-83EC-CFBCF4B7E18D}.Debug|Any CPU.ActiveCfg = Debug|Any CPU
		{ECA618AD-9099-4696-83EC-CFBCF4B7E18D}.Debug|Any CPU.Build.0 = Debug|Any CPU
		{ECA618AD-9099-4696-83EC-CFBCF4B7E18D}.Release|Any CPU.ActiveCfg = Release|Any CPU
		{ECA618AD-9099-4696-83EC-CFBCF4B7E18D}.Release|Any CPU.Build.0 = Release|Any CPU
		{8D3B747C-8106-4A80-A0A4-05EA4B164A04}.Debug|Any CPU.ActiveCfg = Debug|Any CPU
		{8D3B747C-8106-4A80-A0A4-05EA4B164A04}.Debug|Any CPU.Build.0 = Debug|Any CPU
		{8D3B747C-8106-4A80-A0A4-05EA4B164A04}.Release|Any CPU.ActiveCfg = Release|Any CPU
		{8D3B747C-8106-4A80-A0A4-05EA4B164A04}.Release|Any CPU.Build.0 = Release|Any CPU
	EndGlobalSection
	GlobalSection(SolutionProperties) = preSolution
		HideSolutionNode = FALSE
	EndGlobalSection
	GlobalSection(ExtensibilityGlobals) = postSolution
		SolutionGuid = {AEC57FFC-0FD0-4218-8F08-48710A163D6B}
	EndGlobalSection
EndGlobal
